
Microsoft Visual Studio Solution File, Format Version 12.00
# Visual Studio Version 16
VisualStudioVersion = 16.0.33529.622
MinimumVisualStudioVersion = 10.0.40219.1
Project("{FAE04EC0-301F-11D3-BF4B-00C04F79EFBC}") = "Tarea1", "Tarea1\Tarea1.csproj", "{D8B1F656-95B5-4A70-8E26-28D34976326E}"
EndProject
Global
	GlobalSection(SolutionConfigurationPlatforms) = preSolution
		Debug|Any CPU = Debug|Any CPU
		Release|Any CPU = Release|Any CPU
	EndGlobalSection
	GlobalSection(ProjectConfigurationPlatforms) = postSolution
		{D8B1F656-95B5-4A70-8E26-28D34976326E}.Debug|Any CPU.ActiveCfg = Debug|Any CPU
		{D8B1F656-95B5-4A70-8E26-28D34976326E}.Debug|Any CPU.Build.0 = Debug|Any CPU
		{D8B1F656-95B5-4A70-8E26-28D34976326E}.Release|Any CPU.ActiveCfg = Release|Any CPU
		{D8B1F656-95B5-4A70-8E26-28D34976326E}.Release|Any CPU.Build.0 = Release|Any CPU
	EndGlobalSection
	GlobalSection(SolutionProperties) = preSolution
		HideSolutionNode = FALSE
	EndGlobalSection
	GlobalSection(ExtensibilityGlobals) = postSolution
		SolutionGuid = {02D012E1-32A7-4DEC-80A3-938C5EE05DB2}
	EndGlobalSection
EndGlobal
